
Microsoft Visual Studio Solution File, Format Version 12.00
# Visual Studio Version 17
VisualStudioVersion = 17.10.35027.167
MinimumVisualStudioVersion = 10.0.40219.1
Project("{9A19103F-16F7-4668-BE54-9A1E7A4F7556}") = "Bytz.Reflection.Emit", "Bytz.Reflection.Emit.csproj", "{BC09BF48-49EA-49A2-B805-CC55882B8CED}"
EndProject
Global
	GlobalSection(SolutionConfigurationPlatforms) = preSolution
		Debug|Any CPU = Debug|Any CPU
		Release|Any CPU = Release|Any CPU
	EndGlobalSection
	GlobalSection(ProjectConfigurationPlatforms) = postSolution
		{BC09BF48-49EA-49A2-B805-CC55882B8CED}.Debug|Any CPU.ActiveCfg = Debug|Any CPU
		{BC09BF48-49EA-49A2-B805-CC55882B8CED}.Debug|Any CPU.Build.0 = Debug|Any CPU
		{BC09BF48-49EA-49A2-B805-CC55882B8CED}.Release|Any CPU.ActiveCfg = Release|Any CPU
		{BC09BF48-49EA-49A2-B805-CC55882B8CED}.Release|Any CPU.Build.0 = Release|Any CPU
	EndGlobalSection
	GlobalSection(SolutionProperties) = preSolution
		HideSolutionNode = FALSE
	EndGlobalSection
	GlobalSection(ExtensibilityGlobals) = postSolution
		SolutionGuid = {E09DA073-995F-4A34-BB02-C369753E733E}
	EndGlobalSection
EndGlobal
